
Microsoft Visual Studio Solution File, Format Version 12.00
# Visual Studio Version 16
VisualStudioVersion = 16.0.31019.35
MinimumVisualStudioVersion = 10.0.40219.1
Project("{FAE04EC0-301F-11D3-BF4B-00C04F79EFBC}") = "Array", "Array\Array.csproj", "{EBF66F36-77CA-4E61-9E66-F806DFEFFDBB}"
EndProject
Project("{FAE04EC0-301F-11D3-BF4B-00C04F79EFBC}") = "ConsoleApp8", "ConsoleApp8\ConsoleApp8.csproj", "{244FEF10-06E2-49A4-A775-BA99AB799788}"
EndProject
Project("{FAE04EC0-301F-11D3-BF4B-00C04F79EFBC}") = "Speed", "Speed\Speed.csproj", "{3E492F6B-FE7E-4146-A992-5FAC966AF2FF}"
EndProject
Global
	GlobalSection(SolutionConfigurationPlatforms) = preSolution
		Debug|Any CPU = Debug|Any CPU
		Release|Any CPU = Release|Any CPU
	EndGlobalSection
	GlobalSection(ProjectConfigurationPlatforms) = postSolution
		{EBF66F36-77CA-4E61-9E66-F806DFEFFDBB}.Debug|Any CPU.ActiveCfg = Debug|Any CPU
		{EBF66F36-77CA-4E61-9E66-F806DFEFFDBB}.Debug|Any CPU.Build.0 = Debug|Any CPU
		{EBF66F36-77CA-4E61-9E66-F806DFEFFDBB}.Release|Any CPU.ActiveCfg = Release|Any CPU
		{EBF66F36-77CA-4E61-9E66-F806DFEFFDBB}.Release|Any CPU.Build.0 = Release|Any CPU
		{244FEF10-06E2-49A4-A775-BA99AB799788}.Debug|Any CPU.ActiveCfg = Debug|Any CPU
		{244FEF10-06E2-49A4-A775-BA99AB799788}.Debug|Any CPU.Build.0 = Debug|Any CPU
		{244FEF10-06E2-49A4-A775-BA99AB799788}.Release|Any CPU.ActiveCfg = Release|Any CPU
		{244FEF10-06E2-49A4-A775-BA99AB799788}.Release|Any CPU.Build.0 = Release|Any CPU
		{3E492F6B-FE7E-4146-A992-5FAC966AF2FF}.Debug|Any CPU.ActiveCfg = Debug|Any CPU
		{3E492F6B-FE7E-4146-A992-5FAC966AF2FF}.Debug|Any CPU.Build.0 = Debug|Any CPU
		{3E492F6B-FE7E-4146-A992-5FAC966AF2FF}.Release|Any CPU.ActiveCfg = Release|Any CPU
		{3E492F6B-FE7E-4146-A992-5FAC966AF2FF}.Release|Any CPU.Build.0 = Release|Any CPU
	EndGlobalSection
	GlobalSection(SolutionProperties) = preSolution
		HideSolutionNode = FALSE
	EndGlobalSection
	GlobalSection(ExtensibilityGlobals) = postSolution
		SolutionGuid = {C7CAFCED-B905-4E1F-9961-AF6973316171}
	EndGlobalSection
EndGlobal
