
Microsoft Visual Studio Solution File, Format Version 12.00
# Visual Studio Version 16
VisualStudioVersion = 16.0.31019.35
MinimumVisualStudioVersion = 10.0.40219.1
Project("{FAE04EC0-301F-11D3-BF4B-00C04F79EFBC}") = "sqlwork3", "sqlwork3\sqlwork3.csproj", "{E002B89A-8453-49E9-9564-DA058F4874AC}"
EndProject
Global
	GlobalSection(SolutionConfigurationPlatforms) = preSolution
		Debug|Any CPU = Debug|Any CPU
		Release|Any CPU = Release|Any CPU
	EndGlobalSection
	GlobalSection(ProjectConfigurationPlatforms) = postSolution
		{E002B89A-8453-49E9-9564-DA058F4874AC}.Debug|Any CPU.ActiveCfg = Debug|Any CPU
		{E002B89A-8453-49E9-9564-DA058F4874AC}.Debug|Any CPU.Build.0 = Debug|Any CPU
		{E002B89A-8453-49E9-9564-DA058F4874AC}.Release|Any CPU.ActiveCfg = Release|Any CPU
		{E002B89A-8453-49E9-9564-DA058F4874AC}.Release|Any CPU.Build.0 = Release|Any CPU
	EndGlobalSection
	GlobalSection(SolutionProperties) = preSolution
		HideSolutionNode = FALSE
	EndGlobalSection
	GlobalSection(ExtensibilityGlobals) = postSolution
		SolutionGuid = {374657BF-BACE-4BE1-A996-A2FAB648361B}
	EndGlobalSection
EndGlobal
