
Microsoft Visual Studio Solution File, Format Version 12.00
# Visual Studio Version 16
VisualStudioVersion = 16.0.31019.35
MinimumVisualStudioVersion = 10.0.40219.1
Project("{FAE04EC0-301F-11D3-BF4B-00C04F79EFBC}") = "sqlwork", "sqlwork\sqlwork.csproj", "{5DEEFF33-8CC5-4016-91DC-DF57F2B35C9A}"
EndProject
Global
	GlobalSection(SolutionConfigurationPlatforms) = preSolution
		Debug|Any CPU = Debug|Any CPU
		Release|Any CPU = Release|Any CPU
	EndGlobalSection
	GlobalSection(ProjectConfigurationPlatforms) = postSolution
		{5DEEFF33-8CC5-4016-91DC-DF57F2B35C9A}.Debug|Any CPU.ActiveCfg = Debug|Any CPU
		{5DEEFF33-8CC5-4016-91DC-DF57F2B35C9A}.Debug|Any CPU.Build.0 = Debug|Any CPU
		{5DEEFF33-8CC5-4016-91DC-DF57F2B35C9A}.Release|Any CPU.ActiveCfg = Release|Any CPU
		{5DEEFF33-8CC5-4016-91DC-DF57F2B35C9A}.Release|Any CPU.Build.0 = Release|Any CPU
	EndGlobalSection
	GlobalSection(SolutionProperties) = preSolution
		HideSolutionNode = FALSE
	EndGlobalSection
	GlobalSection(ExtensibilityGlobals) = postSolution
		SolutionGuid = {392D449A-D3DD-4DA1-9853-93AACE4C259C}
	EndGlobalSection
EndGlobal
