
Microsoft Visual Studio Solution File, Format Version 12.00
# Visual Studio Version 16
VisualStudioVersion = 16.0.31019.35
MinimumVisualStudioVersion = 10.0.40219.1
Project("{FAE04EC0-301F-11D3-BF4B-00C04F79EFBC}") = "lesson1", "lesson1.csproj", "{919F6B43-7A50-49F5-9B65-639DFAD642BC}"
EndProject
Global
	GlobalSection(SolutionConfigurationPlatforms) = preSolution
		Debug|Any CPU = Debug|Any CPU
		Release|Any CPU = Release|Any CPU
	EndGlobalSection
	GlobalSection(ProjectConfigurationPlatforms) = postSolution
		{919F6B43-7A50-49F5-9B65-639DFAD642BC}.Debug|Any CPU.ActiveCfg = Debug|Any CPU
		{919F6B43-7A50-49F5-9B65-639DFAD642BC}.Debug|Any CPU.Build.0 = Debug|Any CPU
		{919F6B43-7A50-49F5-9B65-639DFAD642BC}.Release|Any CPU.ActiveCfg = Release|Any CPU
		{919F6B43-7A50-49F5-9B65-639DFAD642BC}.Release|Any CPU.Build.0 = Release|Any CPU
	EndGlobalSection
	GlobalSection(SolutionProperties) = preSolution
		HideSolutionNode = FALSE
	EndGlobalSection
	GlobalSection(ExtensibilityGlobals) = postSolution
		SolutionGuid = {7EF87D40-FC23-4E05-BF3A-CC07C985E720}
	EndGlobalSection
EndGlobal
