
Microsoft Visual Studio Solution File, Format Version 12.00
# Visual Studio Version 16
VisualStudioVersion = 16.0.31019.35
MinimumVisualStudioVersion = 10.0.40219.1
Project("{FAE04EC0-301F-11D3-BF4B-00C04F79EFBC}") = "sqlwork2", "sqlwork2\sqlwork2.csproj", "{8898D3C9-9A23-4652-B27C-07F2892A9D77}"
EndProject
Global
	GlobalSection(SolutionConfigurationPlatforms) = preSolution
		Debug|Any CPU = Debug|Any CPU
		Release|Any CPU = Release|Any CPU
	EndGlobalSection
	GlobalSection(ProjectConfigurationPlatforms) = postSolution
		{8898D3C9-9A23-4652-B27C-07F2892A9D77}.Debug|Any CPU.ActiveCfg = Debug|Any CPU
		{8898D3C9-9A23-4652-B27C-07F2892A9D77}.Debug|Any CPU.Build.0 = Debug|Any CPU
		{8898D3C9-9A23-4652-B27C-07F2892A9D77}.Release|Any CPU.ActiveCfg = Release|Any CPU
		{8898D3C9-9A23-4652-B27C-07F2892A9D77}.Release|Any CPU.Build.0 = Release|Any CPU
	EndGlobalSection
	GlobalSection(SolutionProperties) = preSolution
		HideSolutionNode = FALSE
	EndGlobalSection
	GlobalSection(ExtensibilityGlobals) = postSolution
		SolutionGuid = {C2DD2F1C-7805-462D-8A74-297BFE7D51AD}
	EndGlobalSection
EndGlobal
